// !$*UTF8*$!
{
	archiveVersion = 1;
	classes = {
	};
	objectVersion = 46;
	objects = {

/* Begin PBXBuildFile section */
		9BDEC13B16DC4C5E003D2F5E /* UIKit.framework in Frameworks */ = {isa = PBXBuildFile; fileRef = 9BDEC13A16DC4C5E003D2F5E /* UIKit.framework */; };
		9BDEC13D16DC4C5E003D2F5E /* Foundation.framework in Frameworks */ = {isa = PBXBuildFile; fileRef = 9BDEC13C16DC4C5E003D2F5E /* Foundation.framework */; };
		9BDEC13F16DC4C5E003D2F5E /* CoreGraphics.framework in Frameworks */ = {isa = PBXBuildFile; fileRef = 9BDEC13E16DC4C5E003D2F5E /* CoreGraphics.framework */; };
		9BDEC14516DC4C5E003D2F5E /* InfoPlist.strings in Resources */ = {isa = PBXBuildFile; fileRef = 9BDEC14316DC4C5E003D2F5E /* InfoPlist.strings */; };
		9BDEC14716DC4C5E003D2F5E /* main.m in Sources */ = {isa = PBXBuildFile; fileRef = 9BDEC14616DC4C5E003D2F5E /* main.m */; };
		9BDEC14B16DC4C5E003D2F5E /* TMDAppDelegate.m in Sources */ = {isa = PBXBuildFile; fileRef = 9BDEC14A16DC4C5E003D2F5E /* TMDAppDelegate.m */; };
		9BDEC14E16DC4C5E003D2F5E /* TMDViewController.m in Sources */ = {isa = PBXBuildFile; fileRef = 9BDEC14D16DC4C5E003D2F5E /* TMDViewController.m */; };
		9BDEC15116DC4C5E003D2F5E /* TMDViewController.xib in Resources */ = {isa = PBXBuildFile; fileRef = 9BDEC14F16DC4C5E003D2F5E /* TMDViewController.xib */; };
		9BDEC17D16DC4D70003D2F5E /* QuartzCore.framework in Frameworks */ = {isa = PBXBuildFile; fileRef = 9BDEC17C16DC4D70003D2F5E /* QuartzCore.framework */; };
		9BDEC18716DC54E3003D2F5E /* arrow.png in Resources */ = {isa = PBXBuildFile; fileRef = 9BDEC17F16DC54E3003D2F5E /* arrow.png */; };
		9BDEC18816DC54E3003D2F5E /* arrow@2x.png in Resources */ = {isa = PBXBuildFile; fileRef = 9BDEC18016DC54E3003D2F5E /* arrow@2x.png */; };
		9BDEC18916DC54E3003D2F5E /* LICENSE in Resources */ = {isa = PBXBuildFile; fileRef = 9BDEC18116DC54E3003D2F5E /* LICENSE */; };
		9BDEC18A16DC54E3003D2F5E /* pop.wav in Resources */ = {isa = PBXBuildFile; fileRef = 9BDEC18216DC54E3003D2F5E /* pop.wav */; };
		9BDEC18B16DC54E3003D2F5E /* psst1.wav in Resources */ = {isa = PBXBuildFile; fileRef = 9BDEC18316DC54E3003D2F5E /* psst1.wav */; };
		9BDEC18C16DC54E3003D2F5E /* PullToRefreshView.m in Sources */ = {isa = PBXBuildFile; fileRef = 9BDEC18516DC54E3003D2F5E /* PullToRefreshView.m */; settings = {COMPILER_FLAGS = "-fobjc-arc"; }; };
		9BDEC18D16DC54E3003D2F5E /* README in Resources */ = {isa = PBXBuildFile; fileRef = 9BDEC18616DC54E3003D2F5E /* README */; };
		9BDEC18F16DC58A1003D2F5E /* AudioToolbox.framework in Frameworks */ = {isa = PBXBuildFile; fileRef = 9BDEC18E16DC58A1003D2F5E /* AudioToolbox.framework */; };
		9BDEC19716DC5A8A003D2F5E /* TMDWebVC.m in Sources */ = {isa = PBXBuildFile; fileRef = 9BDEC19516DC5A8A003D2F5E /* TMDWebVC.m */; };
		9BDEC19816DC5A8A003D2F5E /* TMDWebVC.xib in Resources */ = {isa = PBXBuildFile; fileRef = 9BDEC19616DC5A8A003D2F5E /* TMDWebVC.xib */; };
/* End PBXBuildFile section */

/* Begin PBXFileReference section */
		9BDEC13616DC4C5E003D2F5E /* TestEgoTable.app */ = {isa = PBXFileReference; explicitFileType = wrapper.application; includeInIndex = 0; path = TestEgoTable.app; sourceTree = BUILT_PRODUCTS_DIR; };
		9BDEC13A16DC4C5E003D2F5E /* UIKit.framework */ = {isa = PBXFileReference; lastKnownFileType = wrapper.framework; name = UIKit.framework; path = System/Library/Frameworks/UIKit.framework; sourceTree = SDKROOT; };
		9BDEC13C16DC4C5E003D2F5E /* Foundation.framework */ = {isa = PBXFileReference; lastKnownFileType = wrapper.framework; name = Foundation.framework; path = System/Library/Frameworks/Foundation.framework; sourceTree = SDKROOT; };
		9BDEC13E16DC4C5E003D2F5E /* CoreGraphics.framework */ = {isa = PBXFileReference; lastKnownFileType = wrapper.framework; name = CoreGraphics.framework; path = System/Library/Frameworks/CoreGraphics.framework; sourceTree = SDKROOT; };
		9BDEC14216DC4C5E003D2F5E /* TestEgoTable-Info.plist */ = {isa = PBXFileReference; lastKnownFileType = text.plist.xml; path = "TestEgoTable-Info.plist"; sourceTree = "<group>"; };
		9BDEC14416DC4C5E003D2F5E /* en */ = {isa = PBXFileReference; lastKnownFileType = text.plist.strings; name = en; path = en.lproj/InfoPlist.strings; sourceTree = "<group>"; };
		9BDEC14616DC4C5E003D2F5E /* main.m */ = {isa = PBXFileReference; lastKnownFileType = sourcecode.c.objc; path = main.m; sourceTree = "<group>"; };
		9BDEC14816DC4C5E003D2F5E /* TestEgoTable-Prefix.pch */ = {isa = PBXFileReference; lastKnownFileType = sourcecode.c.h; path = "TestEgoTable-Prefix.pch"; sourceTree = "<group>"; };
		9BDEC14916DC4C5E003D2F5E /* TMDAppDelegate.h */ = {isa = PBXFileReference; lastKnownFileType = sourcecode.c.h; path = TMDAppDelegate.h; sourceTree = "<group>"; };
		9BDEC14A16DC4C5E003D2F5E /* TMDAppDelegate.m */ = {isa = PBXFileReference; lastKnownFileType = sourcecode.c.objc; path = TMDAppDelegate.m; sourceTree = "<group>"; };
		9BDEC14C16DC4C5E003D2F5E /* TMDViewController.h */ = {isa = PBXFileReference; lastKnownFileType = sourcecode.c.h; path = TMDViewController.h; sourceTree = "<group>"; };
		9BDEC14D16DC4C5E003D2F5E /* TMDViewController.m */ = {isa = PBXFileReference; lastKnownFileType = sourcecode.c.objc; path = TMDViewController.m; sourceTree = "<group>"; };
		9BDEC15016DC4C5E003D2F5E /* en */ = {isa = PBXFileReference; lastKnownFileType = file.xib; name = en; path = en.lproj/TMDViewController.xib; sourceTree = "<group>"; };
		9BDEC17C16DC4D70003D2F5E /* QuartzCore.framework */ = {isa = PBXFileReference; lastKnownFileType = wrapper.framework; name = QuartzCore.framework; path = System/Library/Frameworks/QuartzCore.framework; sourceTree = SDKROOT; };
		9BDEC17F16DC54E3003D2F5E /* arrow.png */ = {isa = PBXFileReference; lastKnownFileType = image.png; path = arrow.png; sourceTree = "<group>"; };
		9BDEC18016DC54E3003D2F5E /* arrow@2x.png */ = {isa = PBXFileReference; lastKnownFileType = image.png; path = "arrow@2x.png"; sourceTree = "<group>"; };
		9BDEC18116DC54E3003D2F5E /* LICENSE */ = {isa = PBXFileReference; fileEncoding = 4; lastKnownFileType = text; path = LICENSE; sourceTree = "<group>"; };
		9BDEC18216DC54E3003D2F5E /* pop.wav */ = {isa = PBXFileReference; lastKnownFileType = audio.wav; path = pop.wav; sourceTree = "<group>"; };
		9BDEC18316DC54E3003D2F5E /* psst1.wav */ = {isa = PBXFileReference; lastKnownFileType = audio.wav; path = psst1.wav; sourceTree = "<group>"; };
		9BDEC18416DC54E3003D2F5E /* PullToRefreshView.h */ = {isa = PBXFileReference; fileEncoding = 4; lastKnownFileType = sourcecode.c.h; path = PullToRefreshView.h; sourceTree = "<group>"; };
		9BDEC18516DC54E3003D2F5E /* PullToRefreshView.m */ = {isa = PBXFileReference; fileEncoding = 4; lastKnownFileType = sourcecode.c.objc; path = PullToRefreshView.m; sourceTree = "<group>"; };
		9BDEC18616DC54E3003D2F5E /* README */ = {isa = PBXFileReference; fileEncoding = 4; lastKnownFileType = text; path = README; sourceTree = "<group>"; };
		9BDEC18E16DC58A1003D2F5E /* AudioToolbox.framework */ = {isa = PBXFileReference; lastKnownFileType = wrapper.framework; name = AudioToolbox.framework; path = System/Library/Frameworks/AudioToolbox.framework; sourceTree = SDKROOT; };
		9BDEC19416DC5A8A003D2F5E /* TMDWebVC.h */ = {isa = PBXFileReference; fileEncoding = 4; lastKnownFileType = sourcecode.c.h; path = TMDWebVC.h; sourceTree = "<group>"; };
		9BDEC19516DC5A8A003D2F5E /* TMDWebVC.m */ = {isa = PBXFileReference; fileEncoding = 4; lastKnownFileType = sourcecode.c.objc; path = TMDWebVC.m; sourceTree = "<group>"; };
		9BDEC19616DC5A8A003D2F5E /* TMDWebVC.xib */ = {isa = PBXFileReference; fileEncoding = 4; lastKnownFileType = file.xib; path = TMDWebVC.xib; sourceTree = "<group>"; };
/* End PBXFileReference section */

/* Begin PBXFrameworksBuildPhase section */
		9BDEC13316DC4C5E003D2F5E /* Frameworks */ = {
			isa = PBXFrameworksBuildPhase;
			buildActionMask = 2147483647;
			files = (
				9BDEC18F16DC58A1003D2F5E /* AudioToolbox.framework in Frameworks */,
				9BDEC17D16DC4D70003D2F5E /* QuartzCore.framework in Frameworks */,
				9BDEC13B16DC4C5E003D2F5E /* UIKit.framework in Frameworks */,
				9BDEC13D16DC4C5E003D2F5E /* Foundation.framework in Frameworks */,
				9BDEC13F16DC4C5E003D2F5E /* CoreGraphics.framework in Frameworks */,
			);
			runOnlyForDeploymentPostprocessing = 0;
		};
/* End PBXFrameworksBuildPhase section */

/* Begin PBXGroup section */
		9BDEC12B16DC4C5E003D2F5E = {
			isa = PBXGroup;
			children = (
				9BDEC18E16DC58A1003D2F5E /* AudioToolbox.framework */,
				9BDEC17C16DC4D70003D2F5E /* QuartzCore.framework */,
				9BDEC14016DC4C5E003D2F5E /* TestEgoTable */,
				9BDEC13916DC4C5E003D2F5E /* Frameworks */,
				9BDEC13716DC4C5E003D2F5E /* Products */,
			);
			sourceTree = "<group>";
		};
		9BDEC13716DC4C5E003D2F5E /* Products */ = {
			isa = PBXGroup;
			children = (
				9BDEC13616DC4C5E003D2F5E /* TestEgoTable.app */,
			);
			name = Products;
			sourceTree = "<group>";
		};
		9BDEC13916DC4C5E003D2F5E /* Frameworks */ = {
			isa = PBXGroup;
			children = (
				9BDEC13A16DC4C5E003D2F5E /* UIKit.framework */,
				9BDEC13C16DC4C5E003D2F5E /* Foundation.framework */,
				9BDEC13E16DC4C5E003D2F5E /* CoreGraphics.framework */,
			);
			name = Frameworks;
			sourceTree = "<group>";
		};
		9BDEC14016DC4C5E003D2F5E /* TestEgoTable */ = {
			isa = PBXGroup;
			children = (
				9BDEC17E16DC54E2003D2F5E /* PullToRefresh-master */,
				9BDEC14916DC4C5E003D2F5E /* TMDAppDelegate.h */,
				9BDEC14A16DC4C5E003D2F5E /* TMDAppDelegate.m */,
				9BDEC14C16DC4C5E003D2F5E /* TMDViewController.h */,
				9BDEC14D16DC4C5E003D2F5E /* TMDViewController.m */,
				9BDEC14F16DC4C5E003D2F5E /* TMDViewController.xib */,
				9BDEC14116DC4C5E003D2F5E /* Supporting Files */,
				9BDEC19416DC5A8A003D2F5E /* TMDWebVC.h */,
				9BDEC19516DC5A8A003D2F5E /* TMDWebVC.m */,
				9BDEC19616DC5A8A003D2F5E /* TMDWebVC.xib */,
			);
			path = TestEgoTable;
			sourceTree = "<group>";
		};
		9BDEC14116DC4C5E003D2F5E /* Supporting Files */ = {
			isa = PBXGroup;
			children = (
				9BDEC14216DC4C5E003D2F5E /* TestEgoTable-Info.plist */,
				9BDEC14316DC4C5E003D2F5E /* InfoPlist.strings */,
				9BDEC14616DC4C5E003D2F5E /* main.m */,
				9BDEC14816DC4C5E003D2F5E /* TestEgoTable-Prefix.pch */,
			);
			name = "Supporting Files";
			sourceTree = "<group>";
		};
		9BDEC17E16DC54E2003D2F5E /* PullToRefresh-master */ = {
			isa = PBXGroup;
			children = (
				9BDEC17F16DC54E3003D2F5E /* arrow.png */,
				9BDEC18016DC54E3003D2F5E /* arrow@2x.png */,
				9BDEC18116DC54E3003D2F5E /* LICENSE */,
				9BDEC18216DC54E3003D2F5E /* pop.wav */,
				9BDEC18316DC54E3003D2F5E /* psst1.wav */,
				9BDEC18416DC54E3003D2F5E /* PullToRefreshView.h */,
				9BDEC18516DC54E3003D2F5E /* PullToRefreshView.m */,
				9BDEC18616DC54E3003D2F5E /* README */,
			);
			path = "PullToRefresh-master";
			sourceTree = "<group>";
		};
/* End PBXGroup section */

/* Begin PBXNativeTarget section */
		9BDEC13516DC4C5E003D2F5E /* TestEgoTable */ = {
			isa = PBXNativeTarget;
			buildConfigurationList = 9BDEC15416DC4C5E003D2F5E /* Build configuration list for PBXNativeTarget "TestEgoTable" */;
			buildPhases = (
				9BDEC13216DC4C5E003D2F5E /* Sources */,
				9BDEC13316DC4C5E003D2F5E /* Frameworks */,
				9BDEC13416DC4C5E003D2F5E /* Resources */,
			);
			buildRules = (
			);
			dependencies = (
			);
			name = TestEgoTable;
			productName = TestEgoTable;
			productReference = 9BDEC13616DC4C5E003D2F5E /* TestEgoTable.app */;
			productType = "com.apple.product-type.application";
		};
/* End PBXNativeTarget section */

/* Begin PBXProject section */
		9BDEC12D16DC4C5E003D2F5E /* Project object */ = {
			isa = PBXProject;
			attributes = {
				CLASSPREFIX = TMD;
				LastUpgradeCheck = 0440;
				ORGANIZATIONNAME = "Yim Daniel";
			};
			buildConfigurationList = 9BDEC13016DC4C5E003D2F5E /* Build configuration list for PBXProject "TestEgoTable" */;
			compatibilityVersion = "Xcode 3.2";
			developmentRegion = English;
			hasScannedForEncodings = 0;
			knownRegions = (
				en,
			);
			mainGroup = 9BDEC12B16DC4C5E003D2F5E;
			productRefGroup = 9BDEC13716DC4C5E003D2F5E /* Products */;
			projectDirPath = "";
			projectRoot = "";
			targets = (
				9BDEC13516DC4C5E003D2F5E /* TestEgoTable */,
			);
		};
/* End PBXProject section */

/* Begin PBXResourcesBuildPhase section */
		9BDEC13416DC4C5E003D2F5E /* Resources */ = {
			isa = PBXResourcesBuildPhase;
			buildActionMask = 2147483647;
			files = (
				9BDEC14516DC4C5E003D2F5E /* InfoPlist.strings in Resources */,
				9BDEC15116DC4C5E003D2F5E /* TMDViewController.xib in Resources */,
				9BDEC18716DC54E3003D2F5E /* arrow.png in Resources */,
				9BDEC18816DC54E3003D2F5E /* arrow@2x.png in Resources */,
				9BDEC18916DC54E3003D2F5E /* LICENSE in Resources */,
				9BDEC18A16DC54E3003D2F5E /* pop.wav in Resources */,
				9BDEC18B16DC54E3003D2F5E /* psst1.wav in Resources */,
				9BDEC18D16DC54E3003D2F5E /* README in Resources */,
				9BDEC19816DC5A8A003D2F5E /* TMDWebVC.xib in Resources */,
			);
			runOnlyForDeploymentPostprocessing = 0;
		};
/* End PBXResourcesBuildPhase section */

/* Begin PBXSourcesBuildPhase section */
		9BDEC13216DC4C5E003D2F5E /* Sources */ = {
			isa = PBXSourcesBuildPhase;
			buildActionMask = 2147483647;
			files = (
				9BDEC14716DC4C5E003D2F5E /* main.m in Sources */,
				9BDEC14B16DC4C5E003D2F5E /* TMDAppDelegate.m in Sources */,
				9BDEC14E16DC4C5E003D2F5E /* TMDViewController.m in Sources */,
				9BDEC18C16DC54E3003D2F5E /* PullToRefreshView.m in Sources */,
				9BDEC19716DC5A8A003D2F5E /* TMDWebVC.m in Sources */,
			);
			runOnlyForDeploymentPostprocessing = 0;
		};
/* End PBXSourcesBuildPhase section */

/* Begin PBXVariantGroup section */
		9BDEC14316DC4C5E003D2F5E /* InfoPlist.strings */ = {
			isa = PBXVariantGroup;
			children = (
				9BDEC14416DC4C5E003D2F5E /* en */,
			);
			name = InfoPlist.strings;
			sourceTree = "<group>";
		};
		9BDEC14F16DC4C5E003D2F5E /* TMDViewController.xib */ = {
			isa = PBXVariantGroup;
			children = (
				9BDEC15016DC4C5E003D2F5E /* en */,
			);
			name = TMDViewController.xib;
			sourceTree = "<group>";
		};
/* End PBXVariantGroup section */

/* Begin XCBuildConfiguration section */
		9BDEC15216DC4C5E003D2F5E /* Debug */ = {
			isa = XCBuildConfiguration;
			buildSettings = {
				ALWAYS_SEARCH_USER_PATHS = NO;
				ARCHS = "$(ARCHS_STANDARD_32_BIT)";
				CLANG_CXX_LANGUAGE_STANDARD = "gnu++0x";
				CLANG_WARN__DUPLICATE_METHOD_MATCH = YES;
				"CODE_SIGN_IDENTITY[sdk=iphoneos*]" = "iPhone Developer";
				COPY_PHASE_STRIP = NO;
				GCC_C_LANGUAGE_STANDARD = gnu99;
				GCC_DYNAMIC_NO_PIC = NO;
				GCC_OPTIMIZATION_LEVEL = 0;
				GCC_PREPROCESSOR_DEFINITIONS = (
					"DEBUG=1",
					"$(inherited)",
				);
				GCC_SYMBOLS_PRIVATE_EXTERN = NO;
				GCC_VERSION = com.apple.compilers.llvm.clang.1_0;
				GCC_WARN_ABOUT_RETURN_TYPE = YES;
				GCC_WARN_UNINITIALIZED_AUTOS = YES;
				GCC_WARN_UNUSED_VARIABLE = YES;
				IPHONEOS_DEPLOYMENT_TARGET = 5.1;
				SDKROOT = iphoneos;
			};
			name = Debug;
		};
		9BDEC15316DC4C5E003D2F5E /* Release */ = {
			isa = XCBuildConfiguration;
			buildSettings = {
				ALWAYS_SEARCH_USER_PATHS = NO;
				ARCHS = "$(ARCHS_STANDARD_32_BIT)";
				CLANG_CXX_LANGUAGE_STANDARD = "gnu++0x";
				CLANG_WARN__DUPLICATE_METHOD_MATCH = YES;
				"CODE_SIGN_IDENTITY[sdk=iphoneos*]" = "iPhone Developer";
				COPY_PHASE_STRIP = YES;
				GCC_C_LANGUAGE_STANDARD = gnu99;
				GCC_VERSION = com.apple.compilers.llvm.clang.1_0;
				GCC_WARN_ABOUT_RETURN_TYPE = YES;
				GCC_WARN_UNINITIALIZED_AUTOS = YES;
				GCC_WARN_UNUSED_VARIABLE = YES;
				IPHONEOS_DEPLOYMENT_TARGET = 5.1;
				OTHER_CFLAGS = "-DNS_BLOCK_ASSERTIONS=1";
				SDKROOT = iphoneos;
				VALIDATE_PRODUCT = YES;
			};
			name = Release;
		};
		9BDEC15516DC4C5E003D2F5E /* Debug */ = {
			isa = XCBuildConfiguration;
			buildSettings = {
				GCC_PRECOMPILE_PREFIX_HEADER = YES;
				GCC_PREFIX_HEADER = "TestEgoTable/TestEgoTable-Prefix.pch";
				INFOPLIST_FILE = "TestEgoTable/TestEgoTable-Info.plist";
				PRODUCT_NAME = "$(TARGET_NAME)";
				WRAPPER_EXTENSION = app;
			};
			name = Debug;
		};
		9BDEC15616DC4C5E003D2F5E /* Release */ = {
			isa = XCBuildConfiguration;
			buildSettings = {
				GCC_PRECOMPILE_PREFIX_HEADER = YES;
				GCC_PREFIX_HEADER = "TestEgoTable/TestEgoTable-Prefix.pch";
				INFOPLIST_FILE = "TestEgoTable/TestEgoTable-Info.plist";
				PRODUCT_NAME = "$(TARGET_NAME)";
				WRAPPER_EXTENSION = app;
			};
			name = Release;
		};
/* End XCBuildConfiguration section */

/* Begin XCConfigurationList section */
		9BDEC13016DC4C5E003D2F5E /* Build configuration list for PBXProject "TestEgoTable" */ = {
			isa = XCConfigurationList;
			buildConfigurations = (
				9BDEC15216DC4C5E003D2F5E /* Debug */,
				9BDEC15316DC4C5E003D2F5E /* Release */,
			);
			defaultConfigurationIsVisible = 0;
			defaultConfigurationName = Release;
		};
		9BDEC15416DC4C5E003D2F5E /* Build configuration list for PBXNativeTarget "TestEgoTable" */ = {
			isa = XCConfigurationList;
			buildConfigurations = (
				9BDEC15516DC4C5E003D2F5E /* Debug */,
				9BDEC15616DC4C5E003D2F5E /* Release */,
			);
			defaultConfigurationIsVisible = 0;
			defaultConfigurationName = Release;
		};
/* End XCConfigurationList section */
	};
	rootObject = 9BDEC12D16DC4C5E003D2F5E /* Project object */;
}
